
Microsoft Visual Studio Solution File, Format Version 12.00
# Visual Studio Version 17
VisualStudioVersion = 17.6.33815.320
MinimumVisualStudioVersion = 10.0.40219.1
Project("{FAE04EC0-301F-11D3-BF4B-00C04F79EFBC}") = "JunkClean", "JunkClean\JunkClean.csproj", "{D603C5C9-601E-435B-99F5-60FD961792C4}"
EndProject
Global
	GlobalSection(SolutionConfigurationPlatforms) = preSolution
		Debug|Any CPU = Debug|Any CPU
		Release|Any CPU = Release|Any CPU
	EndGlobalSection
	GlobalSection(ProjectConfigurationPlatforms) = postSolution
		{D603C5C9-601E-435B-99F5-60FD961792C4}.Debug|Any CPU.ActiveCfg = Debug|Any CPU
		{D603C5C9-601E-435B-99F5-60FD961792C4}.Debug|Any CPU.Build.0 = Debug|Any CPU
		{D603C5C9-601E-435B-99F5-60FD961792C4}.Release|Any CPU.ActiveCfg = Release|Any CPU
		{D603C5C9-601E-435B-99F5-60FD961792C4}.Release|Any CPU.Build.0 = Release|Any CPU
	EndGlobalSection
	GlobalSection(SolutionProperties) = preSolution
		HideSolutionNode = FALSE
	EndGlobalSection
	GlobalSection(ExtensibilityGlobals) = postSolution
		SolutionGuid = {06873F33-4000-4337-AC62-161CEEACE01C}
	EndGlobalSection
EndGlobal
